{
	"name": "@nextfaze/loopback-sql-helper",
	"version": "3.0.0",
	"lockfileVersion": 1,
	"requires": true,
	"dependencies": {
		"@types/bluebird": {
			"version": "3.5.20",
			"resolved": "https://registry.npmjs.org/@types/bluebird/-/bluebird-3.5.20.tgz",
			"integrity": "sha512-Wk41MVdF+cHBfVXj/ufUHJeO3BlIQr1McbHZANErMykaCWeDSZbH5erGjNBw2/3UlRdSxZbLfSuQTzFmPOYFsA==",
			"dev": true
		},
		"@types/mocha": {
			"version": "2.2.48",
			"resolved": "https://registry.npmjs.org/@types/mocha/-/mocha-2.2.48.tgz",
			"integrity": "sha512-nlK/iyETgafGli8Zh9zJVCTicvU3iajSkRwOh3Hhiva598CMqNJ4NcVCGMTGKpGpTYj/9R8RLzS9NAykSSCqGw==",
			"dev": true
		},
		"@types/mustache": {
			"version": "0.8.30",
			"resolved": "https://registry.npmjs.org/@types/mustache/-/mustache-0.8.30.tgz",
			"integrity": "sha512-z80ZxL9CwGlyyuZ7fz3RBtsxzSasf8R8LeSQYF5xrdFVlkV4fsdJ51U1F1lSFAL+Xwk9Jxe7aueeeBedAi52Eg==",
			"dev": true
		},
		"@types/node": {
			"version": "12.11.1",
			"resolved": "https://registry.npmjs.org/@types/node/-/node-12.11.1.tgz",
			"integrity": "sha512-TJtwsqZ39pqcljJpajeoofYRfeZ7/I/OMUQ5pR4q5wOKf2ocrUvBAZUMhWsOvKx3dVc/aaV5GluBivt0sWqA5A==",
			"dev": true
		},
		"typescript": {
			"version": "3.8.3",
			"resolved": "https://registry.npmjs.org/typescript/-/typescript-3.8.3.tgz",
			"integrity": "sha512-MYlEfn5VrLNsgudQTVJeNaQFUAI7DkhnOjdpAp4T+ku1TfQClewlbSuTVHiA+8skNBgaf02TL/kLOvig4y3G8w==",
			"dev": true
		}
	}
}
